{
  "name": "server",
  "lockfileVersion": 3,
  "requires": true,
  "packages": {
    "": {
      "dependencies": {
        "ip2region.js": "^3.1.8"
      }
    },
    "node_modules/ip2region.js": {
      "version": "3.1.8",
      "resolved": "https://registry.npmjs.org/ip2region.js/-/ip2region.js-3.1.8.tgz",
      "integrity": "sha512-USvUDme5Gyh0qs21Xpjb7QAXN5eRFDe5ZNtPVk3Ns2wYOc5eLIC57zPXZYBbN9kvA2yK0dBpJImArf1ekobSNA==",
      "license": "ISC"
    }
  }
}
